// !$*UTF8*$!
{
	archiveVersion = 1;
	classes = {
	};
	objectVersion = 50;
	objects = {

/* Begin PBXBuildFile section */
		12FF0A8E231EBCCD002A663C /* AppDelegate.swift in Sources */ = {isa = PBXBuildFile; fileRef = 12FF0A8D231EBCCD002A663C /* AppDelegate.swift */; };
		12FF0A90231EBCCD002A663C /* art.scnassets in Resources */ = {isa = PBXBuildFile; fileRef = 12FF0A8F231EBCCD002A663C /* art.scnassets */; };
		12FF0A92231EBCCD002A663C /* ViewController.swift in Sources */ = {isa = PBXBuildFile; fileRef = 12FF0A91231EBCCD002A663C /* ViewController.swift */; };
		12FF0A95231EBCCD002A663C /* Main.storyboard in Resources */ = {isa = PBXBuildFile; fileRef = 12FF0A93231EBCCD002A663C /* Main.storyboard */; };
		12FF0A97231EBCCE002A663C /* Assets.xcassets in Resources */ = {isa = PBXBuildFile; fileRef = 12FF0A96231EBCCE002A663C /* Assets.xcassets */; };
		12FF0A9A231EBCCE002A663C /* LaunchScreen.storyboard in Resources */ = {isa = PBXBuildFile; fileRef = 12FF0A98231EBCCE002A663C /* LaunchScreen.storyboard */; };
/* End PBXBuildFile section */

/* Begin PBXFileReference section */
		12FF0A8A231EBCCD002A663C /* Hello AR World.app */ = {isa = PBXFileReference; explicitFileType = wrapper.application; includeInIndex = 0; path = "Hello AR World.app"; sourceTree = BUILT_PRODUCTS_DIR; };
		12FF0A8D231EBCCD002A663C /* AppDelegate.swift */ = {isa = PBXFileReference; lastKnownFileType = sourcecode.swift; path = AppDelegate.swift; sourceTree = "<group>"; };
		12FF0A8F231EBCCD002A663C /* art.scnassets */ = {isa = PBXFileReference; lastKnownFileType = wrapper.scnassets; path = art.scnassets; sourceTree = "<group>"; };
		12FF0A91231EBCCD002A663C /* ViewController.swift */ = {isa = PBXFileReference; lastKnownFileType = sourcecode.swift; path = ViewController.swift; sourceTree = "<group>"; };
		12FF0A94231EBCCD002A663C /* Base */ = {isa = PBXFileReference; lastKnownFileType = file.storyboard; name = Base; path = Base.lproj/Main.storyboard; sourceTree = "<group>"; };
		12FF0A96231EBCCE002A663C /* Assets.xcassets */ = {isa = PBXFileReference; lastKnownFileType = folder.assetcatalog; path = Assets.xcassets; sourceTree = "<group>"; };
		12FF0A99231EBCCE002A663C /* Base */ = {isa = PBXFileReference; lastKnownFileType = file.storyboard; name = Base; path = Base.lproj/LaunchScreen.storyboard; sourceTree = "<group>"; };
		12FF0A9B231EBCCE002A663C /* Info.plist */ = {isa = PBXFileReference; lastKnownFileType = text.plist.xml; path = Info.plist; sourceTree = "<group>"; };
/* End PBXFileReference section */

/* Begin PBXFrameworksBuildPhase section */
		12FF0A87231EBCCD002A663C /* Frameworks */ = {
			isa = PBXFrameworksBuildPhase;
			buildActionMask = 2147483647;
			files = (
			);
			runOnlyForDeploymentPostprocessing = 0;
		};
/* End PBXFrameworksBuildPhase section */

/* Begin PBXGroup section */
		12FF0A81231EBCCD002A663C = {
			isa = PBXGroup;
			children = (
				12FF0A8C231EBCCD002A663C /* Hello AR World */,
				12FF0A8B231EBCCD002A663C /* Products */,
			);
			sourceTree = "<group>";
		};
		12FF0A8B231EBCCD002A663C /* Products */ = {
			isa = PBXGroup;
			children = (
				12FF0A8A231EBCCD002A663C /* Hello AR World.app */,
			);
			name = Products;
			sourceTree = "<group>";
		};
		12FF0A8C231EBCCD002A663C /* Hello AR World */ = {
			isa = PBXGroup;
			children = (
				12FF0A8D231EBCCD002A663C /* AppDelegate.swift */,
				12FF0A8F231EBCCD002A663C /* art.scnassets */,
				12FF0A91231EBCCD002A663C /* ViewController.swift */,
				12FF0A93231EBCCD002A663C /* Main.storyboard */,
				12FF0A96231EBCCE002A663C /* Assets.xcassets */,
				12FF0A98231EBCCE002A663C /* LaunchScreen.storyboard */,
				12FF0A9B231EBCCE002A663C /* Info.plist */,
			);
			path = "Hello AR World";
			sourceTree = "<group>";
		};
/* End PBXGroup section */

/* Begin PBXNativeTarget section */
		12FF0A89231EBCCD002A663C /* Hello AR World */ = {
			isa = PBXNativeTarget;
			buildConfigurationList = 12FF0A9E231EBCCE002A663C /* Build configuration list for PBXNativeTarget "Hello AR World" */;
			buildPhases = (
				12FF0A86231EBCCD002A663C /* Sources */,
				12FF0A87231EBCCD002A663C /* Frameworks */,
				12FF0A88231EBCCD002A663C /* Resources */,
			);
			buildRules = (
			);
			dependencies = (
			);
			name = "Hello AR World";
			productName = "Hello AR World";
			productReference = 12FF0A8A231EBCCD002A663C /* Hello AR World.app */;
			productType = "com.apple.product-type.application";
		};
/* End PBXNativeTarget section */

/* Begin PBXProject section */
		12FF0A82231EBCCD002A663C /* Project object */ = {
			isa = PBXProject;
			attributes = {
				LastSwiftUpdateCheck = 1030;
				LastUpgradeCheck = 1030;
				ORGANIZATIONNAME = "Berk Batuhan ŞAKAR";
				TargetAttributes = {
					12FF0A89231EBCCD002A663C = {
						CreatedOnToolsVersion = 10.3;
					};
				};
			};
			buildConfigurationList = 12FF0A85231EBCCD002A663C /* Build configuration list for PBXProject "Hello AR World" */;
			compatibilityVersion = "Xcode 9.3";
			developmentRegion = en;
			hasScannedForEncodings = 0;
			knownRegions = (
				en,
				Base,
			);
			mainGroup = 12FF0A81231EBCCD002A663C;
			productRefGroup = 12FF0A8B231EBCCD002A663C /* Products */;
			projectDirPath = "";
			projectRoot = "";
			targets = (
				12FF0A89231EBCCD002A663C /* Hello AR World */,
			);
		};
/* End PBXProject section */

/* Begin PBXResourcesBuildPhase section */
		12FF0A88231EBCCD002A663C /* Resources */ = {
			isa = PBXResourcesBuildPhase;
			buildActionMask = 2147483647;
			files = (
				12FF0A90231EBCCD002A663C /* art.scnassets in Resources */,
				12FF0A9A231EBCCE002A663C /* LaunchScreen.storyboard in Resources */,
				12FF0A97231EBCCE002A663C /* Assets.xcassets in Resources */,
				12FF0A95231EBCCD002A663C /* Main.storyboard in Resources */,
			);
			runOnlyForDeploymentPostprocessing = 0;
		};
/* End PBXResourcesBuildPhase section */

/* Begin PBXSourcesBuildPhase section */
		12FF0A86231EBCCD002A663C /* Sources */ = {
			isa = PBXSourcesBuildPhase;
			buildActionMask = 2147483647;
			files = (
				12FF0A92231EBCCD002A663C /* ViewController.swift in Sources */,
				12FF0A8E231EBCCD002A663C /* AppDelegate.swift in Sources */,
			);
			runOnlyForDeploymentPostprocessing = 0;
		};
/* End PBXSourcesBuildPhase section */

/* Begin PBXVariantGroup section */
		12FF0A93231EBCCD002A663C /* Main.storyboard */ = {
			isa = PBXVariantGroup;
			children = (
				12FF0A94231EBCCD002A663C /* Base */,
			);
			name = Main.storyboard;
			sourceTree = "<group>";
		};
		12FF0A98231EBCCE002A663C /* LaunchScreen.storyboard */ = {
			isa = PBXVariantGroup;
			children = (
				12FF0A99231EBCCE002A663C /* Base */,
			);
			name = LaunchScreen.storyboard;
			sourceTree = "<group>";
		};
/* End PBXVariantGroup section */

/* Begin XCBuildConfiguration section */
		12FF0A9C231EBCCE002A663C /* Debug */ = {
			isa = XCBuildConfiguration;
			buildSettings = {
				ALWAYS_SEARCH_USER_PATHS = NO;
				CLANG_ANALYZER_NONNULL = YES;
				CLANG_ANALYZER_NUMBER_OBJECT_CONVERSION = YES_AGGRESSIVE;
				CLANG_CXX_LANGUAGE_STANDARD = "gnu++14";
				CLANG_CXX_LIBRARY = "libc++";
				CLANG_ENABLE_MODULES = YES;
				CLANG_ENABLE_OBJC_ARC = YES;
				CLANG_ENABLE_OBJC_WEAK = YES;
				CLANG_WARN_BLOCK_CAPTURE_AUTORELEASING = YES;
				CLANG_WARN_BOOL_CONVERSION = YES;
				CLANG_WARN_COMMA = YES;
				CLANG_WARN_CONSTANT_CONVERSION = YES;
				CLANG_WARN_DEPRECATED_OBJC_IMPLEMENTATIONS = YES;
				CLANG_WARN_DIRECT_OBJC_ISA_USAGE = YES_ERROR;
				CLANG_WARN_DOCUMENTATION_COMMENTS = YES;
				CLANG_WARN_EMPTY_BODY = YES;
				CLANG_WARN_ENUM_CONVERSION = YES;
				CLANG_WARN_INFINITE_RECURSION = YES;
				CLANG_WARN_INT_CONVERSION = YES;
				CLANG_WARN_NON_LITERAL_NULL_CONVERSION = YES;
				CLANG_WARN_OBJC_IMPLICIT_RETAIN_SELF = YES;
				CLANG_WARN_OBJC_LITERAL_CONVERSION = YES;
				CLANG_WARN_OBJC_ROOT_CLASS = YES_ERROR;
				CLANG_WARN_RANGE_LOOP_ANALYSIS = YES;
				CLANG_WARN_STRICT_PROTOTYPES = YES;
				CLANG_WARN_SUSPICIOUS_MOVE = YES;
				CLANG_WARN_UNGUARDED_AVAILABILITY = YES_AGGRESSIVE;
				CLANG_WARN_UNREACHABLE_CODE = YES;
				CLANG_WARN__DUPLICATE_METHOD_MATCH = YES;
				CODE_SIGN_IDENTITY = "iPhone Developer";
				COPY_PHASE_STRIP = NO;
				DEBUG_INFORMATION_FORMAT = dwarf;
				ENABLE_STRICT_OBJC_MSGSEND = YES;
				ENABLE_TESTABILITY = YES;
				GCC_C_LANGUAGE_STANDARD = gnu11;
				GCC_DYNAMIC_NO_PIC = NO;
				GCC_NO_COMMON_BLOCKS = YES;
				GCC_OPTIMIZATION_LEVEL = 0;
				GCC_PREPROCESSOR_DEFINITIONS = (
					"DEBUG=1",
					"$(inherited)",
				);
				GCC_WARN_64_TO_32_BIT_CONVERSION = YES;
				GCC_WARN_ABOUT_RETURN_TYPE = YES_ERROR;
				GCC_WARN_UNDECLARED_SELECTOR = YES;
				GCC_WARN_UNINITIALIZED_AUTOS = YES_AGGRESSIVE;
				GCC_WARN_UNUSED_FUNCTION = YES;
				GCC_WARN_UNUSED_VARIABLE = YES;
				IPHONEOS_DEPLOYMENT_TARGET = 12.4;
				MTL_ENABLE_DEBUG_INFO = INCLUDE_SOURCE;
				MTL_FAST_MATH = YES;
				ONLY_ACTIVE_ARCH = YES;
				SDKROOT = iphoneos;
				SWIFT_ACTIVE_COMPILATION_CONDITIONS = DEBUG;
				SWIFT_OPTIMIZATION_LEVEL = "-Onone";
			};
			name = Debug;
		};
		12FF0A9D231EBCCE002A663C /* Release */ = {
			isa = XCBuildConfiguration;
			buildSettings = {
				ALWAYS_SEARCH_USER_PATHS = NO;
				CLANG_ANALYZER_NONNULL = YES;
				CLANG_ANALYZER_NUMBER_OBJECT_CONVERSION = YES_AGGRESSIVE;
				CLANG_CXX_LANGUAGE_STANDARD = "gnu++14";
				CLANG_CXX_LIBRARY = "libc++";
				CLANG_ENABLE_MODULES = YES;
				CLANG_ENABLE_OBJC_ARC = YES;
				CLANG_ENABLE_OBJC_WEAK = YES;
				CLANG_WARN_BLOCK_CAPTURE_AUTORELEASING = YES;
				CLANG_WARN_BOOL_CONVERSION = YES;
				CLANG_WARN_COMMA = YES;
				CLANG_WARN_CONSTANT_CONVERSION = YES;
				CLANG_WARN_DEPRECATED_OBJC_IMPLEMENTATIONS = YES;
				CLANG_WARN_DIRECT_OBJC_ISA_USAGE = YES_ERROR;
				CLANG_WARN_DOCUMENTATION_COMMENTS = YES;
				CLANG_WARN_EMPTY_BODY = YES;
				CLANG_WARN_ENUM_CONVERSION = YES;
				CLANG_WARN_INFINITE_RECURSION = YES;
				CLANG_WARN_INT_CONVERSION = YES;
				CLANG_WARN_NON_LITERAL_NULL_CONVERSION = YES;
				CLANG_WARN_OBJC_IMPLICIT_RETAIN_SELF = YES;
				CLANG_WARN_OBJC_LITERAL_CONVERSION = YES;
				CLANG_WARN_OBJC_ROOT_CLASS = YES_ERROR;
				CLANG_WARN_RANGE_LOOP_ANALYSIS = YES;
				CLANG_WARN_STRICT_PROTOTYPES = YES;
				CLANG_WARN_SUSPICIOUS_MOVE = YES;
				CLANG_WARN_UNGUARDED_AVAILABILITY = YES_AGGRESSIVE;
				CLANG_WARN_UNREACHABLE_CODE = YES;
				CLANG_WARN__DUPLICATE_METHOD_MATCH = YES;
				CODE_SIGN_IDENTITY = "iPhone Developer";
				COPY_PHASE_STRIP = NO;
				DEBUG_INFORMATION_FORMAT = "dwarf-with-dsym";
				ENABLE_NS_ASSERTIONS = NO;
				ENABLE_STRICT_OBJC_MSGSEND = YES;
				GCC_C_LANGUAGE_STANDARD = gnu11;
				GCC_NO_COMMON_BLOCKS = YES;
				GCC_WARN_64_TO_32_BIT_CONVERSION = YES;
				GCC_WARN_ABOUT_RETURN_TYPE = YES_ERROR;
				GCC_WARN_UNDECLARED_SELECTOR = YES;
				GCC_WARN_UNINITIALIZED_AUTOS = YES_AGGRESSIVE;
				GCC_WARN_UNUSED_FUNCTION = YES;
				GCC_WARN_UNUSED_VARIABLE = YES;
				IPHONEOS_DEPLOYMENT_TARGET = 12.4;
				MTL_ENABLE_DEBUG_INFO = NO;
				MTL_FAST_MATH = YES;
				SDKROOT = iphoneos;
				SWIFT_COMPILATION_MODE = wholemodule;
				SWIFT_OPTIMIZATION_LEVEL = "-O";
				VALIDATE_PRODUCT = YES;
			};
			name = Release;
		};
		12FF0A9F231EBCCE002A663C /* Debug */ = {
			isa = XCBuildConfiguration;
			buildSettings = {
				ASSETCATALOG_COMPILER_APPICON_NAME = AppIcon;
				CODE_SIGN_STYLE = Automatic;
				DEVELOPMENT_TEAM = 62MWU34Z2V;
				INFOPLIST_FILE = "Hello AR World/Info.plist";
				LD_RUNPATH_SEARCH_PATHS = (
					"$(inherited)",
					"@executable_path/Frameworks",
				);
				PRODUCT_BUNDLE_IDENTIFIER = "co.mobiluygulama.Hello-AR-World";
				PRODUCT_NAME = "$(TARGET_NAME)";
				SWIFT_VERSION = 5.0;
				TARGETED_DEVICE_FAMILY = "1,2";
			};
			name = Debug;
		};
		12FF0AA0231EBCCE002A663C /* Release */ = {
			isa = XCBuildConfiguration;
			buildSettings = {
				ASSETCATALOG_COMPILER_APPICON_NAME = AppIcon;
				CODE_SIGN_STYLE = Automatic;
				DEVELOPMENT_TEAM = 62MWU34Z2V;
				INFOPLIST_FILE = "Hello AR World/Info.plist";
				LD_RUNPATH_SEARCH_PATHS = (
					"$(inherited)",
					"@executable_path/Frameworks",
				);
				PRODUCT_BUNDLE_IDENTIFIER = "co.mobiluygulama.Hello-AR-World";
				PRODUCT_NAME = "$(TARGET_NAME)";
				SWIFT_VERSION = 5.0;
				TARGETED_DEVICE_FAMILY = "1,2";
			};
			name = Release;
		};
/* End XCBuildConfiguration section */

/* Begin XCConfigurationList section */
		12FF0A85231EBCCD002A663C /* Build configuration list for PBXProject "Hello AR World" */ = {
			isa = XCConfigurationList;
			buildConfigurations = (
				12FF0A9C231EBCCE002A663C /* Debug */,
				12FF0A9D231EBCCE002A663C /* Release */,
			);
			defaultConfigurationIsVisible = 0;
			defaultConfigurationName = Release;
		};
		12FF0A9E231EBCCE002A663C /* Build configuration list for PBXNativeTarget "Hello AR World" */ = {
			isa = XCConfigurationList;
			buildConfigurations = (
				12FF0A9F231EBCCE002A663C /* Debug */,
				12FF0AA0231EBCCE002A663C /* Release */,
			);
			defaultConfigurationIsVisible = 0;
			defaultConfigurationName = Release;
		};
/* End XCConfigurationList section */
	};
	rootObject = 12FF0A82231EBCCD002A663C /* Project object */;
}
